
Microsoft Visual Studio Solution File, Format Version 12.00
# Visual Studio Version 17
VisualStudioVersion = 17.8.34309.116
MinimumVisualStudioVersion = 10.0.40219.1
Project("{FAE04EC0-301F-11D3-BF4B-00C04F79EFBC}") = "ForensicBones2", "ForensicBones2\ForensicBones2.csproj", "{96555C3C-983A-4B1A-B03F-A53BB2FE186C}"
EndProject
Global
	GlobalSection(SolutionConfigurationPlatforms) = preSolution
		Debug|Any CPU = Debug|Any CPU
		Release|Any CPU = Release|Any CPU
	EndGlobalSection
	GlobalSection(ProjectConfigurationPlatforms) = postSolution
		{96555C3C-983A-4B1A-B03F-A53BB2FE186C}.Debug|Any CPU.ActiveCfg = Debug|Any CPU
		{96555C3C-983A-4B1A-B03F-A53BB2FE186C}.Debug|Any CPU.Build.0 = Debug|Any CPU
		{96555C3C-983A-4B1A-B03F-A53BB2FE186C}.Release|Any CPU.ActiveCfg = Release|Any CPU
		{96555C3C-983A-4B1A-B03F-A53BB2FE186C}.Release|Any CPU.Build.0 = Release|Any CPU
	EndGlobalSection
	GlobalSection(SolutionProperties) = preSolution
		HideSolutionNode = FALSE
	EndGlobalSection
	GlobalSection(ExtensibilityGlobals) = postSolution
		SolutionGuid = {AFCF0C4D-ABA5-4DE9-B23F-427A03F83370}
	EndGlobalSection
EndGlobal
